
Microsoft Visual Studio Solution File, Format Version 12.00
# Visual Studio Version 17
VisualStudioVersion = 17.3.32811.315
MinimumVisualStudioVersion = 10.0.40219.1
Project("{FAE04EC0-301F-11D3-BF4B-00C04F79EFBC}") = "ProjectReviewManagement", "ProjectReviewManagement.csproj", "{6EBC063B-6FE6-4F04-B8AF-139EA6E280CC}"
EndProject
Global
	GlobalSection(SolutionConfigurationPlatforms) = preSolution
		Debug|Any CPU = Debug|Any CPU
		Release|Any CPU = Release|Any CPU
	EndGlobalSection
	GlobalSection(ProjectConfigurationPlatforms) = postSolution
		{6EBC063B-6FE6-4F04-B8AF-139EA6E280CC}.Debug|Any CPU.ActiveCfg = Debug|Any CPU
		{6EBC063B-6FE6-4F04-B8AF-139EA6E280CC}.Debug|Any CPU.Build.0 = Debug|Any CPU
		{6EBC063B-6FE6-4F04-B8AF-139EA6E280CC}.Release|Any CPU.ActiveCfg = Release|Any CPU
		{6EBC063B-6FE6-4F04-B8AF-139EA6E280CC}.Release|Any CPU.Build.0 = Release|Any CPU
	EndGlobalSection
	GlobalSection(SolutionProperties) = preSolution
		HideSolutionNode = FALSE
	EndGlobalSection
	GlobalSection(ExtensibilityGlobals) = postSolution
		SolutionGuid = {FB87DB36-8C53-4568-80AE-4CECAEA3BD89}
	EndGlobalSection
EndGlobal
